# @generated - this file is auto-generated by `mise lock` https://mise.en.dev/dev-tools/mise-lock.html

[[tools.actionlint]]
version = "1.7.12"
backend = "aqua:rhysd/actionlint"

[tools.actionlint."platforms.linux-arm64"]
checksum = "sha256:325e971b6ba9bfa504672e29be93c24981eeb1c07576d730e9f7c8805afff0c6"
url = "https://github.com/rhysd/actionlint/releases/download/v1.7.12/actionlint_1.7.12_linux_arm64.tar.gz"
url_api = "https://api.github.com/repos/rhysd/actionlint/releases/assets/384924897"
provenance = "github-attestations"

[tools.actionlint."platforms.linux-arm64-musl"]
checksum = "sha256:325e971b6ba9bfa504672e29be93c24981eeb1c07576d730e9f7c8805afff0c6"
url = "https://github.com/rhysd/actionlint/releases/download/v1.7.12/actionlint_1.7.12_linux_arm64.tar.gz"
url_api = "https://api.github.com/repos/rhysd/actionlint/releases/assets/384924897"
provenance = "github-attestations"

[tools.actionlint."platforms.linux-x64"]
checksum = "sha256:8aca8db96f1b94770f1b0d72b6dddcb1ebb8123cb3712530b08cc387b349a3d8"
url = "https://github.com/rhysd/actionlint/releases/download/v1.7.12/actionlint_1.7.12_linux_amd64.tar.gz"
url_api = "https://api.github.com/repos/rhysd/actionlint/releases/assets/384924896"
provenance = "github-attestations"

[tools.actionlint."platforms.linux-x64-musl"]
checksum = "sha256:8aca8db96f1b94770f1b0d72b6dddcb1ebb8123cb3712530b08cc387b349a3d8"
url = "https://github.com/rhysd/actionlint/releases/download/v1.7.12/actionlint_1.7.12_linux_amd64.tar.gz"
url_api = "https://api.github.com/repos/rhysd/actionlint/releases/assets/384924896"
provenance = "github-attestations"

[tools.actionlint."platforms.macos-arm64"]
checksum = "sha256:aba9ced2dee8d27fecca3dc7feb1a7f9a52caefa1eb46f3271ea66b6e0e6953f"
url = "https://github.com/rhysd/actionlint/releases/download/v1.7.12/actionlint_1.7.12_darwin_arm64.tar.gz"
url_api = "https://api.github.com/repos/rhysd/actionlint/releases/assets/384924893"
provenance = "github-attestations"

[tools.actionlint."platforms.macos-x64"]
checksum = "sha256:5b44c3bc2255115c9b69e30efc0fecdf498fdb63c5d58e17084fd5f16324c644"
url = "https://github.com/rhysd/actionlint/releases/download/v1.7.12/actionlint_1.7.12_darwin_amd64.tar.gz"
url_api = "https://api.github.com/repos/rhysd/actionlint/releases/assets/384924880"
provenance = "github-attestations"

[tools.actionlint."platforms.windows-x64"]
checksum = "sha256:6e7241b51e6817ea6a047693d8e6fed13b31819c9a0dd6c5a726e1592d22f6e9"
url = "https://github.com/rhysd/actionlint/releases/download/v1.7.12/actionlint_1.7.12_windows_amd64.zip"
url_api = "https://api.github.com/repos/rhysd/actionlint/releases/assets/384924919"
provenance = "github-attestations"

[[tools.dprint]]
version = "0.56.1"
backend = "aqua:dprint/dprint"

[tools.dprint."platforms.linux-arm64"]
checksum = "sha256:e9dc29baca00edf30d66b1b7a8de490c3a1bda4091bbc7b69f01f4a88db06c01"
url = "https://github.com/dprint/dprint/releases/download/0.56.1/dprint-aarch64-unknown-linux-gnu.zip"
url_api = "https://api.github.com/repos/dprint/dprint/releases/assets/524191407"

[tools.dprint."platforms.linux-arm64-musl"]
checksum = "sha256:6f9541637ff47289409d709e4b006eeed84fd11c212dc029c4d26504a2cae0ff"
url = "https://github.com/dprint/dprint/releases/download/0.56.1/dprint-aarch64-unknown-linux-musl.zip"
url_api = "https://api.github.com/repos/dprint/dprint/releases/assets/524191400"

[tools.dprint."platforms.linux-x64"]
checksum = "sha256:51729ee501593c84e2a2e8233f55959edf2bbd95cbb3998e9f8a81ecad942dba"
url = "https://github.com/dprint/dprint/releases/download/0.56.1/dprint-x86_64-unknown-linux-gnu.zip"
url_api = "https://api.github.com/repos/dprint/dprint/releases/assets/524191408"

[tools.dprint."platforms.linux-x64-musl"]
checksum = "sha256:913032d493340643d6b98ce250a2407c5d0abab8613b3e16a09d92661131425a"
url = "https://github.com/dprint/dprint/releases/download/0.56.1/dprint-x86_64-unknown-linux-musl.zip"
url_api = "https://api.github.com/repos/dprint/dprint/releases/assets/524191404"

[tools.dprint."platforms.macos-arm64"]
checksum = "sha256:c9af77af134987fada60344e8b9f23b2238081f7eea94a7bcd53ec49369354f6"
url = "https://github.com/dprint/dprint/releases/download/0.56.1/dprint-aarch64-apple-darwin.zip"
url_api = "https://api.github.com/repos/dprint/dprint/releases/assets/524191394"

[tools.dprint."platforms.macos-x64"]
checksum = "sha256:f944e33a1bf8f6125eaa5ea77ee8a01db96093a6fb80df127b390f2a106774f7"
url = "https://github.com/dprint/dprint/releases/download/0.56.1/dprint-x86_64-apple-darwin.zip"
url_api = "https://api.github.com/repos/dprint/dprint/releases/assets/524191392"

[tools.dprint."platforms.windows-x64"]
checksum = "sha256:d2c5ee170ff88c0b16ea1f5f214e4d74877c7edb9ca701da5c9851c0c1ef9338"
url = "https://github.com/dprint/dprint/releases/download/0.56.1/dprint-x86_64-pc-windows-msvc.zip"
url_api = "https://api.github.com/repos/dprint/dprint/releases/assets/524191393"

[[tools.fnox]]
version = "1.34.0"
backend = "github:jdx/fnox"

[tools.fnox."platforms.linux-arm64"]
checksum = "sha256:6a435547e9161b8a268538a04b2cf7886184e945d6649ffbc0ff367bbfbc8dea"
url = "https://github.com/jdx/fnox/releases/download/v1.34.0/fnox-aarch64-unknown-linux-gnu.tar.gz"
url_api = "https://api.github.com/repos/jdx/fnox/releases/assets/525712277"
provenance = "github-attestations"

[tools.fnox."platforms.linux-arm64-musl"]
checksum = "sha256:9f3bdef3b618a11d123de4655191e319cb4a02691019609aeddcb862e05d27bd"
url = "https://github.com/jdx/fnox/releases/download/v1.34.0/fnox-aarch64-unknown-linux-musl.tar.gz"
url_api = "https://api.github.com/repos/jdx/fnox/releases/assets/525712271"
provenance = "github-attestations"

[tools.fnox."platforms.linux-x64"]
checksum = "sha256:2344ad4d48956380e4b2dcf680dbbdd51ef6da447c805c832562b94a4bd8da6d"
url = "https://github.com/jdx/fnox/releases/download/v1.34.0/fnox-x86_64-unknown-linux-gnu.tar.gz"
url_api = "https://api.github.com/repos/jdx/fnox/releases/assets/525712303"
provenance = "github-attestations"
provenance_verified = true

[tools.fnox."platforms.linux-x64-musl"]
checksum = "sha256:3648e415a91044ecbbd626049c7d781f652095f49385cb8fbcb8eba5f39c9434"
url = "https://github.com/jdx/fnox/releases/download/v1.34.0/fnox-x86_64-unknown-linux-musl.tar.gz"
url_api = "https://api.github.com/repos/jdx/fnox/releases/assets/525712305"
provenance = "github-attestations"

[tools.fnox."platforms.macos-arm64"]
checksum = "sha256:60cae86705108b7a2d2950b7182d58aa717f6996e4bb1e31fc1e8219a13a0cc5"
url = "https://github.com/jdx/fnox/releases/download/v1.34.0/fnox-aarch64-apple-darwin.tar.gz"
url_api = "https://api.github.com/repos/jdx/fnox/releases/assets/525712276"
provenance = "github-attestations"

[tools.fnox."platforms.macos-x64"]
checksum = "sha256:56c0bd7c8366f6ecf96f6c425cca81ba56fb64e16798bdbedf1a0675d287d868"
url = "https://github.com/jdx/fnox/releases/download/v1.34.0/fnox-x86_64-apple-darwin.tar.gz"
url_api = "https://api.github.com/repos/jdx/fnox/releases/assets/525712274"
provenance = "github-attestations"

[tools.fnox."platforms.windows-x64"]
checksum = "sha256:c6db4dbbeff36f07ab8e9ca99816d81d44404be1fc24891ae0f87928f58e7fcc"
url = "https://github.com/jdx/fnox/releases/download/v1.34.0/fnox-x86_64-pc-windows-msvc.zip"
url_api = "https://api.github.com/repos/jdx/fnox/releases/assets/525712298"
provenance = "github-attestations"

[[tools.prek]]
version = "0.4.14"
backend = "aqua:j178/prek"

[tools.prek."platforms.linux-arm64"]
checksum = "sha256:a0302d10599f40eb1b46bfe28cfe04c2638f0af858787d21c5904acc8047aaff"
url = "https://github.com/j178/prek/releases/download/v0.4.14/prek-aarch64-unknown-linux-gnu.tar.gz"
url_api = "https://api.github.com/repos/j178/prek/releases/assets/517620521"
provenance = "github-attestations"

[tools.prek."platforms.linux-arm64-musl"]
checksum = "sha256:27a873abf78df8ec842829f6def4356f1f10c8ddf1741c6b2b3ba0c1e1e93f95"
url = "https://github.com/j178/prek/releases/download/v0.4.14/prek-aarch64-unknown-linux-musl.tar.gz"
url_api = "https://api.github.com/repos/j178/prek/releases/assets/517620523"
provenance = "github-attestations"

[tools.prek."platforms.linux-x64"]
checksum = "sha256:d1eacb826b9f71ce9098636d2c3e96df0ed1cf08c9c17c57bf358b401f5a995d"
url = "https://github.com/j178/prek/releases/download/v0.4.14/prek-x86_64-unknown-linux-gnu.tar.gz"
url_api = "https://api.github.com/repos/j178/prek/releases/assets/517620600"
provenance = "github-attestations"

[tools.prek."platforms.linux-x64-musl"]
checksum = "sha256:388f2e5216684c22e635dc1bde1bac5bd008a5dfc21c754ced382d19ff31413b"
url = "https://github.com/j178/prek/releases/download/v0.4.14/prek-x86_64-unknown-linux-musl.tar.gz"
url_api = "https://api.github.com/repos/j178/prek/releases/assets/517620606"
provenance = "github-attestations"

[tools.prek."platforms.macos-arm64"]
checksum = "sha256:87f7fb2b99871820eb352d9a2327461d25affe354d6d48c4edf3a34f360c6be8"
url = "https://github.com/j178/prek/releases/download/v0.4.14/prek-aarch64-apple-darwin.tar.gz"
url_api = "https://api.github.com/repos/j178/prek/releases/assets/517620513"
provenance = "github-attestations"

[tools.prek."platforms.macos-x64"]
checksum = "sha256:59073820f5145cea2fa91b7e4256bbab6ed44de364d4b6809311d7ee9653d3b7"
url = "https://github.com/j178/prek/releases/download/v0.4.14/prek-x86_64-apple-darwin.tar.gz"
url_api = "https://api.github.com/repos/j178/prek/releases/assets/517620585"
provenance = "github-attestations"

[tools.prek."platforms.windows-x64"]
checksum = "sha256:284eb3b185788fbb5c1b53b1e2217c744be44debaff88efd305b1947df6f0b82"
url = "https://github.com/j178/prek/releases/download/v0.4.14/prek-x86_64-pc-windows-msvc.zip"
url_api = "https://api.github.com/repos/j178/prek/releases/assets/517620593"
provenance = "github-attestations"
